
Microsoft Visual Studio Solution File, Format Version 12.00
# Visual Studio Version 17
VisualStudioVersion = 17.13.35931.197 d17.13
MinimumVisualStudioVersion = 10.0.40219.1
Project("{FAE04EC0-301F-11D3-BF4B-00C04F79EFBC}") = "sis457_pizzeria.Web", "sis457_pizzeria.Web.csproj", "{0F673DCA-D3AC-454F-995D-8B168F92051C}"
EndProject
Global
	GlobalSection(SolutionConfigurationPlatforms) = preSolution
		Debug|Any CPU = Debug|Any CPU
		Release|Any CPU = Release|Any CPU
	EndGlobalSection
	GlobalSection(ProjectConfigurationPlatforms) = postSolution
		{0F673DCA-D3AC-454F-995D-8B168F92051C}.Debug|Any CPU.ActiveCfg = Debug|Any CPU
		{0F673DCA-D3AC-454F-995D-8B168F92051C}.Debug|Any CPU.Build.0 = Debug|Any CPU
		{0F673DCA-D3AC-454F-995D-8B168F92051C}.Release|Any CPU.ActiveCfg = Release|Any CPU
		{0F673DCA-D3AC-454F-995D-8B168F92051C}.Release|Any CPU.Build.0 = Release|Any CPU
	EndGlobalSection
	GlobalSection(SolutionProperties) = preSolution
		HideSolutionNode = FALSE
	EndGlobalSection
	GlobalSection(ExtensibilityGlobals) = postSolution
		SolutionGuid = {A1122DB8-A457-4F96-B699-A8DCD0626EE6}
	EndGlobalSection
EndGlobal
